{
  "name": "deliverycx_nest",
  "lockfileVersion": 2,
  "requires": true,
  "packages": {
    "": {
      "devDependencies": {
        "@types/uuid": "^8.3.3",
        "cloc": "^2.9.0"
      }
    },
    "node_modules/@types/uuid": {
      "version": "8.3.3",
      "resolved": "https://registry.npmjs.org/@types/uuid/-/uuid-8.3.3.tgz",
      "integrity": "sha512-0LbEEx1zxrYB3pgpd1M5lEhLcXjKJnYghvhTRgaBeUivLHMDM1TzF3IJ6hXU2+8uA4Xz+5BA63mtZo5DjVT8iA==",
      "dev": true
    },
    "node_modules/cloc": {
      "version": "2.9.0",
      "resolved": "https://registry.npmjs.org/cloc/-/cloc-2.9.0.tgz",
      "integrity": "sha512-Eo97MtQ5nozSd5CFcYgwUg5Ej7GVcdopVd5T+SGwJc3VAmu0vNxV/ZDl06QAQhCUkM2EGKl8nhhP1BZuQXGiZg==",
      "dev": true,
      "bin": {
        "cloc": "lib/cloc"
      }
    }
  },
  "dependencies": {
    "@types/uuid": {
      "version": "8.3.3",
      "resolved": "https://registry.npmjs.org/@types/uuid/-/uuid-8.3.3.tgz",
      "integrity": "sha512-0LbEEx1zxrYB3pgpd1M5lEhLcXjKJnYghvhTRgaBeUivLHMDM1TzF3IJ6hXU2+8uA4Xz+5BA63mtZo5DjVT8iA==",
      "dev": true
    },
    "cloc": {
      "version": "2.9.0",
      "resolved": "https://registry.npmjs.org/cloc/-/cloc-2.9.0.tgz",
      "integrity": "sha512-Eo97MtQ5nozSd5CFcYgwUg5Ej7GVcdopVd5T+SGwJc3VAmu0vNxV/ZDl06QAQhCUkM2EGKl8nhhP1BZuQXGiZg==",
      "dev": true
    }
  }
}
